PODS:
  - MultiPlatformLibrary (0.1.0)

DEPENDENCIES:
  - MultiPlatformLibrary (from `../mpp-library`)

EXTERNAL SOURCES:
  MultiPlatformLibrary:
    :path: "../mpp-library"

SPEC CHECKSUMS:
  MultiPlatformLibrary: 176fb8ade516666cd47e93de1b71ba0441a541bb

PODFILE CHECKSUM: 81e02d8384876fe1d7c70c092cd2db353208c9c8

COCOAPODS: 1.7.5
